// !$*UTF8*$!
{
	archiveVersion = 1;
	classes = {
	};
	objectVersion = 46;
	objects = {

/* Begin PBXFileReference section */
		B8906BF718A00B1F00150D27 /* LICENSE */ = {isa = PBXFileReference; lastKnownFileType = text; path = LICENSE; sourceTree = "<group>"; };
		B8906BF818A00B1F00150D27 /* README.md */ = {isa = PBXFileReference; lastKnownFileType = text; path = README.md; sourceTree = "<group>"; };
		B8906BF918A00B3C00150D27 /* .gitignore */ = {isa = PBXFileReference; lastKnownFileType = text; path = .gitignore; sourceTree = "<group>"; };
		B8906BFD18A0231D00150D27 /* tetris.rb */ = {isa = PBXFileReference; lastKnownFileType = text.script.ruby; path = tetris.rb; sourceTree = "<group>"; };
		B8906BFF18A0232400150D27 /* tetris_spec.rb */ = {isa = PBXFileReference; lastKnownFileType = text.script.ruby; path = tetris_spec.rb; sourceTree = "<group>"; };
		B8906C0018A03ACD00150D27 /* tetrimino.rb */ = {isa = PBXFileReference; lastKnownFileType = text.script.ruby; path = tetrimino.rb; sourceTree = "<group>"; };
		B8906C0318A1433F00150D27 /* tetrimino_spec.rb */ = {isa = PBXFileReference; lastKnownFileType = text.script.ruby; path = tetrimino_spec.rb; sourceTree = "<group>"; };
/* End PBXFileReference section */

/* Begin PBXGroup section */
		B876ABCE18A00AE1008AE6A5 = {
			isa = PBXGroup;
			children = (
				B8906BFE18A0232400150D27 /* spec */,
				B8906BFC18A0231D00150D27 /* lib */,
				B8906BF918A00B3C00150D27 /* .gitignore */,
				B8906BF718A00B1F00150D27 /* LICENSE */,
				B8906BF818A00B1F00150D27 /* README.md */,
			);
			sourceTree = "<group>";
		};
		B8906BFC18A0231D00150D27 /* lib */ = {
			isa = PBXGroup;
			children = (
				B8906BFD18A0231D00150D27 /* tetris.rb */,
				B8906C0018A03ACD00150D27 /* tetrimino.rb */,
			);
			path = lib;
			sourceTree = "<group>";
		};
		B8906BFE18A0232400150D27 /* spec */ = {
			isa = PBXGroup;
			children = (
				B8906BFF18A0232400150D27 /* tetris_spec.rb */,
				B8906C0318A1433F00150D27 /* tetrimino_spec.rb */,
			);
			path = spec;
			sourceTree = "<group>";
		};
/* End PBXGroup section */

/* Begin PBXProject section */
		B876ABCF18A00AE1008AE6A5 /* Project object */ = {
			isa = PBXProject;
			attributes = {
				LastUpgradeCheck = 0500;
			};
			buildConfigurationList = B876ABD218A00AE1008AE6A5 /* Build configuration list for PBXProject "FandorCC" */;
			compatibilityVersion = "Xcode 3.2";
			developmentRegion = English;
			hasScannedForEncodings = 0;
			knownRegions = (
				en,
			);
			mainGroup = B876ABCE18A00AE1008AE6A5;
			projectDirPath = "";
			projectRoot = "";
			targets = (
			);
		};
/* End PBXProject section */

/* Begin XCBuildConfiguration section */
		B876ABD318A00AE1008AE6A5 /* Debug */ = {
			isa = XCBuildConfiguration;
			buildSettings = {
			};
			name = Debug;
		};
		B876ABD418A00AE1008AE6A5 /* Release */ = {
			isa = XCBuildConfiguration;
			buildSettings = {
			};
			name = Release;
		};
/* End XCBuildConfiguration section */

/* Begin XCConfigurationList section */
		B876ABD218A00AE1008AE6A5 /* Build configuration list for PBXProject "FandorCC" */ = {
			isa = XCConfigurationList;
			buildConfigurations = (
				B876ABD318A00AE1008AE6A5 /* Debug */,
				B876ABD418A00AE1008AE6A5 /* Release */,
			);
			defaultConfigurationIsVisible = 0;
			defaultConfigurationName = Release;
		};
/* End XCConfigurationList section */
	};
	rootObject = B876ABCF18A00AE1008AE6A5 /* Project object */;
}
